
Microsoft Visual Studio Solution File, Format Version 12.00
# Visual Studio 14
VisualStudioVersion = 14.0.25420.1
MinimumVisualStudioVersion = 10.0.40219.1
Project("{FAE04EC0-301F-11D3-BF4B-00C04F79EFBC}") = "DurakGame_ClassLib", "DurakGame_ClassLib\DurakGame_ClassLib.csproj", "{30E61A8D-A260-41DF-9060-202615ABC78E}"
EndProject
Project("{FAE04EC0-301F-11D3-BF4B-00C04F79EFBC}") = "DurakGame_Tester", "DurakGame_Tester\DurakGame_Tester.csproj", "{490A9B09-4B1F-4C97-A199-93A85193317F}"
EndProject
Project("{FAE04EC0-301F-11D3-BF4B-00C04F79EFBC}") = "DurakGame_Forms", "DurakGame_Forms\DurakGame_Forms.csproj", "{16EEF855-4715-4BD8-9310-487A02DB42EA}"
EndProject
Global
	GlobalSection(SolutionConfigurationPlatforms) = preSolution
		Debug|Any CPU = Debug|Any CPU
		Release|Any CPU = Release|Any CPU
	EndGlobalSection
	GlobalSection(ProjectConfigurationPlatforms) = postSolution
		{30E61A8D-A260-41DF-9060-202615ABC78E}.Debug|Any CPU.ActiveCfg = Debug|Any CPU
		{30E61A8D-A260-41DF-9060-202615ABC78E}.Debug|Any CPU.Build.0 = Debug|Any CPU
		{30E61A8D-A260-41DF-9060-202615ABC78E}.Release|Any CPU.ActiveCfg = Release|Any CPU
		{30E61A8D-A260-41DF-9060-202615ABC78E}.Release|Any CPU.Build.0 = Release|Any CPU
		{490A9B09-4B1F-4C97-A199-93A85193317F}.Debug|Any CPU.ActiveCfg = Debug|Any CPU
		{490A9B09-4B1F-4C97-A199-93A85193317F}.Debug|Any CPU.Build.0 = Debug|Any CPU
		{490A9B09-4B1F-4C97-A199-93A85193317F}.Release|Any CPU.ActiveCfg = Release|Any CPU
		{490A9B09-4B1F-4C97-A199-93A85193317F}.Release|Any CPU.Build.0 = Release|Any CPU
		{16EEF855-4715-4BD8-9310-487A02DB42EA}.Debug|Any CPU.ActiveCfg = Debug|Any CPU
		{16EEF855-4715-4BD8-9310-487A02DB42EA}.Debug|Any CPU.Build.0 = Debug|Any CPU
		{16EEF855-4715-4BD8-9310-487A02DB42EA}.Release|Any CPU.ActiveCfg = Release|Any CPU
		{16EEF855-4715-4BD8-9310-487A02DB42EA}.Release|Any CPU.Build.0 = Release|Any CPU
	EndGlobalSection
	GlobalSection(SolutionProperties) = preSolution
		HideSolutionNode = FALSE
	EndGlobalSection
	GlobalSection(ExtensibilityGlobals) = postSolution
		SolutionGuid = {F7C41C86-A5A5-457C-81F5-4874E157C7A2}
	EndGlobalSection
EndGlobal
